
Microsoft Visual Studio Solution File, Format Version 12.00
# Visual Studio 15
VisualStudioVersion = 15.0.28010.2048
MinimumVisualStudioVersion = 10.0.40219.1
Project("{FAE04EC0-301F-11D3-BF4B-00C04F79EFBC}") = "DeepLibrary", "DeepLibrary\DeepLibrary.csproj", "{42AEE468-1052-4780-98CF-F6AAE388892D}"
EndProject
Project("{00D1A9C2-B5F0-4AF3-8072-F6C62B433612}") = "DeepCasinoDB", "DeepCasinoDB\DeepCasinoDB.sqlproj", "{03440A34-6913-4060-9A20-9712EB685ECB}"
EndProject
Project("{FAE04EC0-301F-11D3-BF4B-00C04F79EFBC}") = "UserApplication", "UserApplication\UserApplication.csproj", "{AB5C8F90-35D4-4D6D-9A76-4E19E6A8F279}"
EndProject
Project("{FAE04EC0-301F-11D3-BF4B-00C04F79EFBC}") = "ApplicationLogic", "ApplicationLogic\ApplicationLogic.csproj", "{08AA162C-02D2-47CC-BF6A-B604D1D7EB03}"
EndProject
Project("{FAE04EC0-301F-11D3-BF4B-00C04F79EFBC}") = "Infrastructure", "Infrastructure\Infrastructure.csproj", "{D569D677-47FA-4E8A-A546-707BC026A6F3}"
EndProject
Global
	GlobalSection(SolutionConfigurationPlatforms) = preSolution
		Debug|Any CPU = Debug|Any CPU
		Release|Any CPU = Release|Any CPU
	EndGlobalSection
	GlobalSection(ProjectConfigurationPlatforms) = postSolution
		{42AEE468-1052-4780-98CF-F6AAE388892D}.Debug|Any CPU.ActiveCfg = Debug|Any CPU
		{42AEE468-1052-4780-98CF-F6AAE388892D}.Debug|Any CPU.Build.0 = Debug|Any CPU
		{42AEE468-1052-4780-98CF-F6AAE388892D}.Release|Any CPU.ActiveCfg = Release|Any CPU
		{42AEE468-1052-4780-98CF-F6AAE388892D}.Release|Any CPU.Build.0 = Release|Any CPU
		{03440A34-6913-4060-9A20-9712EB685ECB}.Debug|Any CPU.ActiveCfg = Debug|Any CPU
		{03440A34-6913-4060-9A20-9712EB685ECB}.Debug|Any CPU.Build.0 = Debug|Any CPU
		{03440A34-6913-4060-9A20-9712EB685ECB}.Debug|Any CPU.Deploy.0 = Debug|Any CPU
		{03440A34-6913-4060-9A20-9712EB685ECB}.Release|Any CPU.ActiveCfg = Release|Any CPU
		{03440A34-6913-4060-9A20-9712EB685ECB}.Release|Any CPU.Build.0 = Release|Any CPU
		{03440A34-6913-4060-9A20-9712EB685ECB}.Release|Any CPU.Deploy.0 = Release|Any CPU
		{AB5C8F90-35D4-4D6D-9A76-4E19E6A8F279}.Debug|Any CPU.ActiveCfg = Debug|Any CPU
		{AB5C8F90-35D4-4D6D-9A76-4E19E6A8F279}.Debug|Any CPU.Build.0 = Debug|Any CPU
		{AB5C8F90-35D4-4D6D-9A76-4E19E6A8F279}.Release|Any CPU.ActiveCfg = Release|Any CPU
		{AB5C8F90-35D4-4D6D-9A76-4E19E6A8F279}.Release|Any CPU.Build.0 = Release|Any CPU
		{08AA162C-02D2-47CC-BF6A-B604D1D7EB03}.Debug|Any CPU.ActiveCfg = Debug|Any CPU
		{08AA162C-02D2-47CC-BF6A-B604D1D7EB03}.Debug|Any CPU.Build.0 = Debug|Any CPU
		{08AA162C-02D2-47CC-BF6A-B604D1D7EB03}.Release|Any CPU.ActiveCfg = Release|Any CPU
		{08AA162C-02D2-47CC-BF6A-B604D1D7EB03}.Release|Any CPU.Build.0 = Release|Any CPU
		{D569D677-47FA-4E8A-A546-707BC026A6F3}.Debug|Any CPU.ActiveCfg = Debug|Any CPU
		{D569D677-47FA-4E8A-A546-707BC026A6F3}.Debug|Any CPU.Build.0 = Debug|Any CPU
		{D569D677-47FA-4E8A-A546-707BC026A6F3}.Release|Any CPU.ActiveCfg = Release|Any CPU
		{D569D677-47FA-4E8A-A546-707BC026A6F3}.Release|Any CPU.Build.0 = Release|Any CPU
	EndGlobalSection
	GlobalSection(SolutionProperties) = preSolution
		HideSolutionNode = FALSE
	EndGlobalSection
	GlobalSection(ExtensibilityGlobals) = postSolution
		SolutionGuid = {B7B0D17A-41D2-447A-A9C8-C6F3DD7D043E}
	EndGlobalSection
EndGlobal
